// !$*UTF8*$!
{
	archiveVersion = 1;
	classes = {
	};
	objectVersion = 46;
	objects = {

/* Begin PBXBuildFile section */
		24D0AC9A15F25E9900398D3C /* Foundation.framework in Frameworks */ = {isa = PBXBuildFile; fileRef = 24D0AC9915F25E9900398D3C /* Foundation.framework */; };
		24D0ACBE15F25F8800398D3C /* liblockdown.dylib in Frameworks */ = {isa = PBXBuildFile; fileRef = 24D0ACBD15F25F8800398D3C /* liblockdown.dylib */; };
		24D0ACC915F25FC300398D3C /* Main.m in Sources */ = {isa = PBXBuildFile; fileRef = 24D0ACC615F25FC300398D3C /* Main.m */; };
/* End PBXBuildFile section */

/* Begin PBXFileReference section */
		24D0AC9315F25E9900398D3C /* FakLOG.app */ = {isa = PBXFileReference; explicitFileType = wrapper.application; includeInIndex = 0; path = FakLOG.app; sourceTree = BUILT_PRODUCTS_DIR; };
		24D0AC9915F25E9900398D3C /* Foundation.framework */ = {isa = PBXFileReference; lastKnownFileType = wrapper.framework; name = Foundation.framework; path = System/Library/Frameworks/Foundation.framework; sourceTree = SDKROOT; };
		24D0ACBD15F25F8800398D3C /* liblockdown.dylib */ = {isa = PBXFileReference; lastKnownFileType = "compiled.mach-o.dylib"; name = liblockdown.dylib; path = usr/lib/liblockdown.dylib; sourceTree = SDKROOT; };
		24D0ACC115F25FC300398D3C /* Availability2.h */ = {isa = PBXFileReference; fileEncoding = 4; lastKnownFileType = sourcecode.c.h; path = Availability2.h; sourceTree = "<group>"; };
		24D0ACC215F25FC300398D3C /* liblockdown.h */ = {isa = PBXFileReference; fileEncoding = 4; lastKnownFileType = sourcecode.c.h; path = liblockdown.h; sourceTree = "<group>"; };
		24D0ACC315F25FC300398D3C /* SBApplicationIcon.h */ = {isa = PBXFileReference; fileEncoding = 4; lastKnownFileType = sourcecode.c.h; path = SBApplicationIcon.h; sourceTree = "<group>"; };
		24D0ACC515F25FC300398D3C /* Info.plist */ = {isa = PBXFileReference; fileEncoding = 4; lastKnownFileType = text.plist.xml; path = Info.plist; sourceTree = "<group>"; };
		24D0ACC615F25FC300398D3C /* Main.m */ = {isa = PBXFileReference; fileEncoding = 4; lastKnownFileType = sourcecode.c.objc; path = Main.m; sourceTree = "<group>"; };
		24D0ACC715F25FC300398D3C /* Prefix.pch */ = {isa = PBXFileReference; fileEncoding = 4; lastKnownFileType = sourcecode.c.h; path = Prefix.pch; sourceTree = "<group>"; };
/* End PBXFileReference section */

/* Begin PBXFrameworksBuildPhase section */
		24D0AC9015F25E9900398D3C /* Frameworks */ = {
			isa = PBXFrameworksBuildPhase;
			buildActionMask = 2147483647;
			files = (
				24D0ACBE15F25F8800398D3C /* liblockdown.dylib in Frameworks */,
				24D0AC9A15F25E9900398D3C /* Foundation.framework in Frameworks */,
			);
			runOnlyForDeploymentPostprocessing = 0;
		};
/* End PBXFrameworksBuildPhase section */

/* Begin PBXGroup section */
		24D0AC8815F25E9900398D3C = {
			isa = PBXGroup;
			children = (
				24D0ACC015F25FC300398D3C /* Headers */,
				24D0ACC415F25FC300398D3C /* Sources */,
				24D0AC9615F25E9900398D3C /* Frameworks */,
				24D0AC9415F25E9900398D3C /* Products */,
			);
			sourceTree = "<group>";
		};
		24D0AC9415F25E9900398D3C /* Products */ = {
			isa = PBXGroup;
			children = (
				24D0AC9315F25E9900398D3C /* FakLOG.app */,
			);
			name = Products;
			sourceTree = "<group>";
		};
		24D0AC9615F25E9900398D3C /* Frameworks */ = {
			isa = PBXGroup;
			children = (
				24D0ACBD15F25F8800398D3C /* liblockdown.dylib */,
				24D0AC9915F25E9900398D3C /* Foundation.framework */,
			);
			name = Frameworks;
			sourceTree = "<group>";
		};
		24D0ACC015F25FC300398D3C /* Headers */ = {
			isa = PBXGroup;
			children = (
				24D0ACC115F25FC300398D3C /* Availability2.h */,
				24D0ACC215F25FC300398D3C /* liblockdown.h */,
				24D0ACC315F25FC300398D3C /* SBApplicationIcon.h */,
			);
			path = Headers;
			sourceTree = "<group>";
		};
		24D0ACC415F25FC300398D3C /* Sources */ = {
			isa = PBXGroup;
			children = (
				24D0ACC615F25FC300398D3C /* Main.m */,
				24D0ACC715F25FC300398D3C /* Prefix.pch */,
				24D0ACC515F25FC300398D3C /* Info.plist */,
			);
			path = Sources;
			sourceTree = "<group>";
		};
/* End PBXGroup section */

/* Begin PBXNativeTarget section */
		24D0AC9215F25E9900398D3C /* FakLOG */ = {
			isa = PBXNativeTarget;
			buildConfigurationList = 24D0ACBA15F25E9900398D3C /* Build configuration list for PBXNativeTarget "FakLOG" */;
			buildPhases = (
				24D0AC8F15F25E9900398D3C /* Sources */,
				24D0AC9015F25E9900398D3C /* Frameworks */,
				24D0AC9115F25E9900398D3C /* Resources */,
			);
			buildRules = (
			);
			dependencies = (
			);
			name = FakLOG;
			productName = FakLOG;
			productReference = 24D0AC9315F25E9900398D3C /* FakLOG.app */;
			productType = "com.apple.product-type.application";
		};
/* End PBXNativeTarget section */

/* Begin PBXProject section */
		24D0AC8A15F25E9900398D3C /* Project object */ = {
			isa = PBXProject;
			attributes = {
				LastUpgradeCheck = 0440;
				ORGANIZATIONNAME = Yonsm;
			};
			buildConfigurationList = 24D0AC8D15F25E9900398D3C /* Build configuration list for PBXProject "FakLOG" */;
			compatibilityVersion = "Xcode 3.2";
			developmentRegion = English;
			hasScannedForEncodings = 0;
			knownRegions = (
				en,
			);
			mainGroup = 24D0AC8815F25E9900398D3C;
			productRefGroup = 24D0AC9415F25E9900398D3C /* Products */;
			projectDirPath = "";
			projectRoot = "";
			targets = (
				24D0AC9215F25E9900398D3C /* FakLOG */,
			);
		};
/* End PBXProject section */

/* Begin PBXResourcesBuildPhase section */
		24D0AC9115F25E9900398D3C /* Resources */ = {
			isa = PBXResourcesBuildPhase;
			buildActionMask = 2147483647;
			files = (
			);
			runOnlyForDeploymentPostprocessing = 0;
		};
/* End PBXResourcesBuildPhase section */

/* Begin PBXSourcesBuildPhase section */
		24D0AC8F15F25E9900398D3C /* Sources */ = {
			isa = PBXSourcesBuildPhase;
			buildActionMask = 2147483647;
			files = (
				24D0ACC915F25FC300398D3C /* Main.m in Sources */,
			);
			runOnlyForDeploymentPostprocessing = 0;
		};
/* End PBXSourcesBuildPhase section */

/* Begin XCBuildConfiguration section */
		24D0ACB815F25E9900398D3C /* Debug */ = {
			isa = XCBuildConfiguration;
			buildSettings = {
				ALWAYS_SEARCH_USER_PATHS = NO;
				ARCHS = "$(ARCHS_STANDARD_32_BIT)";
				CLANG_CXX_LANGUAGE_STANDARD = "gnu++0x";
				CLANG_WARN__DUPLICATE_METHOD_MATCH = YES;
				CODE_SIGN_IDENTITY = "iPhone Developer";
				"CODE_SIGN_IDENTITY[sdk=iphoneos*]" = "iPhone Developer";
				COPY_PHASE_STRIP = NO;
				GCC_C_LANGUAGE_STANDARD = gnu99;
				GCC_DYNAMIC_NO_PIC = NO;
				GCC_OPTIMIZATION_LEVEL = 0;
				GCC_PREPROCESSOR_DEFINITIONS = (
					"DEBUG=1",
					"$(inherited)",
				);
				GCC_SYMBOLS_PRIVATE_EXTERN = NO;
				GCC_VERSION = com.apple.compilers.llvm.clang.1_0;
				GCC_WARN_ABOUT_RETURN_TYPE = YES;
				GCC_WARN_UNINITIALIZED_AUTOS = YES;
				GCC_WARN_UNUSED_VARIABLE = YES;
				IPHONEOS_DEPLOYMENT_TARGET = 4.0;
				PROVISIONING_PROFILE = "";
				SDKROOT = iphoneos;
				TARGETED_DEVICE_FAMILY = "1,2";
			};
			name = Debug;
		};
		24D0ACB915F25E9900398D3C /* Release */ = {
			isa = XCBuildConfiguration;
			buildSettings = {
				ALWAYS_SEARCH_USER_PATHS = NO;
				ARCHS = "$(ARCHS_STANDARD_32_BIT)";
				CLANG_CXX_LANGUAGE_STANDARD = "gnu++0x";
				CLANG_WARN__DUPLICATE_METHOD_MATCH = YES;
				CODE_SIGN_IDENTITY = "iPhone Developer";
				"CODE_SIGN_IDENTITY[sdk=iphoneos*]" = "iPhone Developer";
				COPY_PHASE_STRIP = YES;
				GCC_C_LANGUAGE_STANDARD = gnu99;
				GCC_VERSION = com.apple.compilers.llvm.clang.1_0;
				GCC_WARN_ABOUT_RETURN_TYPE = YES;
				GCC_WARN_UNINITIALIZED_AUTOS = YES;
				GCC_WARN_UNUSED_VARIABLE = YES;
				IPHONEOS_DEPLOYMENT_TARGET = 4.0;
				OTHER_CFLAGS = "-DNS_BLOCK_ASSERTIONS=1";
				PROVISIONING_PROFILE = "";
				SDKROOT = iphoneos;
				TARGETED_DEVICE_FAMILY = "1,2";
				VALIDATE_PRODUCT = YES;
			};
			name = Release;
		};
		24D0ACBB15F25E9900398D3C /* Debug */ = {
			isa = XCBuildConfiguration;
			buildSettings = {
				GCC_PRECOMPILE_PREFIX_HEADER = YES;
				GCC_PREFIX_HEADER = Sources/Prefix.pch;
				INFOPLIST_FILE = Sources/Info.plist;
				PRODUCT_NAME = "$(TARGET_NAME)";
				WRAPPER_EXTENSION = app;
			};
			name = Debug;
		};
		24D0ACBC15F25E9900398D3C /* Release */ = {
			isa = XCBuildConfiguration;
			buildSettings = {
				GCC_PRECOMPILE_PREFIX_HEADER = YES;
				GCC_PREFIX_HEADER = Sources/Prefix.pch;
				INFOPLIST_FILE = Sources/Info.plist;
				PRODUCT_NAME = "$(TARGET_NAME)";
				WRAPPER_EXTENSION = app;
			};
			name = Release;
		};
/* End XCBuildConfiguration section */

/* Begin XCConfigurationList section */
		24D0AC8D15F25E9900398D3C /* Build configuration list for PBXProject "FakLOG" */ = {
			isa = XCConfigurationList;
			buildConfigurations = (
				24D0ACB815F25E9900398D3C /* Debug */,
				24D0ACB915F25E9900398D3C /* Release */,
			);
			defaultConfigurationIsVisible = 0;
			defaultConfigurationName = Release;
		};
		24D0ACBA15F25E9900398D3C /* Build configuration list for PBXNativeTarget "FakLOG" */ = {
			isa = XCConfigurationList;
			buildConfigurations = (
				24D0ACBB15F25E9900398D3C /* Debug */,
				24D0ACBC15F25E9900398D3C /* Release */,
			);
			defaultConfigurationIsVisible = 0;
			defaultConfigurationName = Release;
		};
/* End XCConfigurationList section */
	};
	rootObject = 24D0AC8A15F25E9900398D3C /* Project object */;
}